
Microsoft Visual Studio Solution File, Format Version 12.00
# Visual Studio Version 16
VisualStudioVersion = 16.0.31702.278
MinimumVisualStudioVersion = 10.0.40219.1
Project("{8BC9CEB8-8B4A-11D0-8D11-00A0C91BC942}") = "ComputerGraphicsProject", "ComputerGraphicsProject\ComputerGraphicsProject.vcxproj", "{D2ABFBE1-3D56-417E-807B-795B53222E4D}"
EndProject
Global
	GlobalSection(SolutionConfigurationPlatforms) = preSolution
		Debug|x64 = Debug|x64
		Debug|x86 = Debug|x86
		Release|x64 = Release|x64
		Release|x86 = Release|x86
	EndGlobalSection
	GlobalSection(ProjectConfigurationPlatforms) = postSolution
		{D2ABFBE1-3D56-417E-807B-795B53222E4D}.Debug|x64.ActiveCfg = Debug|x64
		{D2ABFBE1-3D56-417E-807B-795B53222E4D}.Debug|x64.Build.0 = Debug|x64
		{D2ABFBE1-3D56-417E-807B-795B53222E4D}.Debug|x86.ActiveCfg = Debug|Win32
		{D2ABFBE1-3D56-417E-807B-795B53222E4D}.Debug|x86.Build.0 = Debug|Win32
		{D2ABFBE1-3D56-417E-807B-795B53222E4D}.Release|x64.ActiveCfg = Release|x64
		{D2ABFBE1-3D56-417E-807B-795B53222E4D}.Release|x64.Build.0 = Release|x64
		{D2ABFBE1-3D56-417E-807B-795B53222E4D}.Release|x86.ActiveCfg = Release|Win32
		{D2ABFBE1-3D56-417E-807B-795B53222E4D}.Release|x86.Build.0 = Release|Win32
	EndGlobalSection
	GlobalSection(SolutionProperties) = preSolution
		HideSolutionNode = FALSE
	EndGlobalSection
	GlobalSection(ExtensibilityGlobals) = postSolution
		SolutionGuid = {3D090381-8D3A-4F90-93F6-F69513CF2F77}
	EndGlobalSection
EndGlobal
